
Microsoft Visual Studio Solution File, Format Version 12.00
# Visual Studio Version 17
VisualStudioVersion = 17.13.35818.85 d17.13
MinimumVisualStudioVersion = 10.0.40219.1
Project("{FAE04EC0-301F-11D3-BF4B-00C04F79EFBC}") = "Shape Area Calculator", "Shape Area Calculator\Shape Area Calculator.csproj", "{7AA70B6A-9FB3-41B7-8436-C1B3BB930D1E}"
EndProject
Global
	GlobalSection(SolutionConfigurationPlatforms) = preSolution
		Debug|Any CPU = Debug|Any CPU
		Release|Any CPU = Release|Any CPU
	EndGlobalSection
	GlobalSection(ProjectConfigurationPlatforms) = postSolution
		{7AA70B6A-9FB3-41B7-8436-C1B3BB930D1E}.Debug|Any CPU.ActiveCfg = Debug|Any CPU
		{7AA70B6A-9FB3-41B7-8436-C1B3BB930D1E}.Debug|Any CPU.Build.0 = Debug|Any CPU
		{7AA70B6A-9FB3-41B7-8436-C1B3BB930D1E}.Release|Any CPU.ActiveCfg = Release|Any CPU
		{7AA70B6A-9FB3-41B7-8436-C1B3BB930D1E}.Release|Any CPU.Build.0 = Release|Any CPU
	EndGlobalSection
	GlobalSection(SolutionProperties) = preSolution
		HideSolutionNode = FALSE
	EndGlobalSection
	GlobalSection(ExtensibilityGlobals) = postSolution
		SolutionGuid = {B0D8E177-C426-4285-A12C-73B3091708AC}
	EndGlobalSection
EndGlobal
